
Microsoft Visual Studio Solution File, Format Version 12.00
# Visual Studio Version 17
VisualStudioVersion = 17.4.33213.308
MinimumVisualStudioVersion = 10.0.40219.1
Project("{9A19103F-16F7-4668-BE54-9A1E7A4F7556}") = "CoreMvcEvaluation", "CoreMvcEvaluation\CoreMvcEvaluation.csproj", "{9C2AB747-9866-4788-9DD1-1908099786B7}"
EndProject
Project("{FAE04EC0-301F-11D3-BF4B-00C04F79EFBC}") = "DataAccess.EFCore", "DataAccess.EFCore\DataAccess.EFCore.csproj", "{0C543417-532D-4AC1-B355-159A97520310}"
EndProject
Project("{FAE04EC0-301F-11D3-BF4B-00C04F79EFBC}") = "Domain", "Domain\Domain.csproj", "{44EF41E2-F2EE-4C05-A529-E19013376F3C}"
EndProject
Global
	GlobalSection(SolutionConfigurationPlatforms) = preSolution
		Debug|Any CPU = Debug|Any CPU
		Release|Any CPU = Release|Any CPU
	EndGlobalSection
	GlobalSection(ProjectConfigurationPlatforms) = postSolution
		{9C2AB747-9866-4788-9DD1-1908099786B7}.Debug|Any CPU.ActiveCfg = Debug|Any CPU
		{9C2AB747-9866-4788-9DD1-1908099786B7}.Debug|Any CPU.Build.0 = Debug|Any CPU
		{9C2AB747-9866-4788-9DD1-1908099786B7}.Release|Any CPU.ActiveCfg = Release|Any CPU
		{9C2AB747-9866-4788-9DD1-1908099786B7}.Release|Any CPU.Build.0 = Release|Any CPU
		{0C543417-532D-4AC1-B355-159A97520310}.Debug|Any CPU.ActiveCfg = Debug|Any CPU
		{0C543417-532D-4AC1-B355-159A97520310}.Debug|Any CPU.Build.0 = Debug|Any CPU
		{0C543417-532D-4AC1-B355-159A97520310}.Release|Any CPU.ActiveCfg = Release|Any CPU
		{0C543417-532D-4AC1-B355-159A97520310}.Release|Any CPU.Build.0 = Release|Any CPU
		{44EF41E2-F2EE-4C05-A529-E19013376F3C}.Debug|Any CPU.ActiveCfg = Debug|Any CPU
		{44EF41E2-F2EE-4C05-A529-E19013376F3C}.Debug|Any CPU.Build.0 = Debug|Any CPU
		{44EF41E2-F2EE-4C05-A529-E19013376F3C}.Release|Any CPU.ActiveCfg = Release|Any CPU
		{44EF41E2-F2EE-4C05-A529-E19013376F3C}.Release|Any CPU.Build.0 = Release|Any CPU
	EndGlobalSection
	GlobalSection(SolutionProperties) = preSolution
		HideSolutionNode = FALSE
	EndGlobalSection
	GlobalSection(ExtensibilityGlobals) = postSolution
		SolutionGuid = {83FE1585-40CA-4B67-8168-78A77A932A40}
	EndGlobalSection
EndGlobal
